
Microsoft Visual Studio Solution File, Format Version 12.00
# Visual Studio Version 17
VisualStudioVersion = 17.9.34728.123
MinimumVisualStudioVersion = 10.0.40219.1
Project("{FAE04EC0-301F-11D3-BF4B-00C04F79EFBC}") = "DemoWebAPI", "DemoWebAPI.csproj", "{6BED763F-635B-4EE7-A189-0C8E64091039}"
EndProject
Global
	GlobalSection(SolutionConfigurationPlatforms) = preSolution
		Debug|Any CPU = Debug|Any CPU
		Release|Any CPU = Release|Any CPU
	EndGlobalSection
	GlobalSection(ProjectConfigurationPlatforms) = postSolution
		{6BED763F-635B-4EE7-A189-0C8E64091039}.Debug|Any CPU.ActiveCfg = Debug|Any CPU
		{6BED763F-635B-4EE7-A189-0C8E64091039}.Debug|Any CPU.Build.0 = Debug|Any CPU
		{6BED763F-635B-4EE7-A189-0C8E64091039}.Release|Any CPU.ActiveCfg = Release|Any CPU
		{6BED763F-635B-4EE7-A189-0C8E64091039}.Release|Any CPU.Build.0 = Release|Any CPU
	EndGlobalSection
	GlobalSection(SolutionProperties) = preSolution
		HideSolutionNode = FALSE
	EndGlobalSection
	GlobalSection(ExtensibilityGlobals) = postSolution
		SolutionGuid = {F27C9D56-1AD3-40DF-8ECA-6084E15C5CEF}
	EndGlobalSection
EndGlobal
